
Microsoft Visual Studio Solution File, Format Version 12.00
# Visual Studio Version 16
VisualStudioVersion = 16.0.30104.148
MinimumVisualStudioVersion = 10.0.40219.1
Project("{FAE04EC0-301F-11D3-BF4B-00C04F79EFBC}") = "ConsoleGetThreads", "ConsoleGetThreads\ConsoleGetThreads.csproj", "{D96BDE4E-4EB6-48B1-86B1-8725EC562AE0}"
EndProject
Global
	GlobalSection(SolutionConfigurationPlatforms) = preSolution
		Debug|Any CPU = Debug|Any CPU
		Release|Any CPU = Release|Any CPU
	EndGlobalSection
	GlobalSection(ProjectConfigurationPlatforms) = postSolution
		{D96BDE4E-4EB6-48B1-86B1-8725EC562AE0}.Debug|Any CPU.ActiveCfg = Debug|Any CPU
		{D96BDE4E-4EB6-48B1-86B1-8725EC562AE0}.Debug|Any CPU.Build.0 = Debug|Any CPU
		{D96BDE4E-4EB6-48B1-86B1-8725EC562AE0}.Release|Any CPU.ActiveCfg = Release|Any CPU
		{D96BDE4E-4EB6-48B1-86B1-8725EC562AE0}.Release|Any CPU.Build.0 = Release|Any CPU
	EndGlobalSection
	GlobalSection(SolutionProperties) = preSolution
		HideSolutionNode = FALSE
	EndGlobalSection
	GlobalSection(ExtensibilityGlobals) = postSolution
		SolutionGuid = {DE0242EB-6E5A-47EA-A2B0-5C376BA9FF30}
	EndGlobalSection
EndGlobal
